
Microsoft Visual Studio Solution File, Format Version 12.00
# Visual Studio Version 17
VisualStudioVersion = 17.14.36705.20 d17.14
MinimumVisualStudioVersion = 10.0.40219.1
Project("{FAE04EC0-301F-11D3-BF4B-00C04F79EFBC}") = "AbsenceManagerApi", "AbsenceManagerApi\AbsenceManagerApi.csproj", "{819BCB6A-A197-48CE-94B7-4E392BAFD05C}"
EndProject
Project("{FAE04EC0-301F-11D3-BF4B-00C04F79EFBC}") = "Logic", "Logic\Logic.csproj", "{A4D0F135-691F-4DC6-A196-B87F6EF7891B}"
EndProject
Project("{FAE04EC0-301F-11D3-BF4B-00C04F79EFBC}") = "Data", "Data\Data.csproj", "{5AAA13DE-D252-46E7-B271-A7DDB0151362}"
EndProject
Project("{FAE04EC0-301F-11D3-BF4B-00C04F79EFBC}") = "Entities", "Entities\Entities.csproj", "{11E4211D-4682-4E5F-B393-ABA1279D7B18}"
EndProject
Global
	GlobalSection(SolutionConfigurationPlatforms) = preSolution
		Debug|Any CPU = Debug|Any CPU
		Release|Any CPU = Release|Any CPU
	EndGlobalSection
	GlobalSection(ProjectConfigurationPlatforms) = postSolution
		{819BCB6A-A197-48CE-94B7-4E392BAFD05C}.Debug|Any CPU.ActiveCfg = Debug|Any CPU
		{819BCB6A-A197-48CE-94B7-4E392BAFD05C}.Debug|Any CPU.Build.0 = Debug|Any CPU
		{819BCB6A-A197-48CE-94B7-4E392BAFD05C}.Release|Any CPU.ActiveCfg = Release|Any CPU
		{819BCB6A-A197-48CE-94B7-4E392BAFD05C}.Release|Any CPU.Build.0 = Release|Any CPU
		{A4D0F135-691F-4DC6-A196-B87F6EF7891B}.Debug|Any CPU.ActiveCfg = Debug|Any CPU
		{A4D0F135-691F-4DC6-A196-B87F6EF7891B}.Debug|Any CPU.Build.0 = Debug|Any CPU
		{A4D0F135-691F-4DC6-A196-B87F6EF7891B}.Release|Any CPU.ActiveCfg = Release|Any CPU
		{A4D0F135-691F-4DC6-A196-B87F6EF7891B}.Release|Any CPU.Build.0 = Release|Any CPU
		{5AAA13DE-D252-46E7-B271-A7DDB0151362}.Debug|Any CPU.ActiveCfg = Debug|Any CPU
		{5AAA13DE-D252-46E7-B271-A7DDB0151362}.Debug|Any CPU.Build.0 = Debug|Any CPU
		{5AAA13DE-D252-46E7-B271-A7DDB0151362}.Release|Any CPU.ActiveCfg = Release|Any CPU
		{5AAA13DE-D252-46E7-B271-A7DDB0151362}.Release|Any CPU.Build.0 = Release|Any CPU
		{11E4211D-4682-4E5F-B393-ABA1279D7B18}.Debug|Any CPU.ActiveCfg = Debug|Any CPU
		{11E4211D-4682-4E5F-B393-ABA1279D7B18}.Debug|Any CPU.Build.0 = Debug|Any CPU
		{11E4211D-4682-4E5F-B393-ABA1279D7B18}.Release|Any CPU.ActiveCfg = Release|Any CPU
		{11E4211D-4682-4E5F-B393-ABA1279D7B18}.Release|Any CPU.Build.0 = Release|Any CPU
	EndGlobalSection
	GlobalSection(SolutionProperties) = preSolution
		HideSolutionNode = FALSE
	EndGlobalSection
	GlobalSection(ExtensibilityGlobals) = postSolution
		SolutionGuid = {12C80D9D-6842-4593-BA10-B92F20152642}
	EndGlobalSection
EndGlobal
